
Microsoft Visual Studio Solution File, Format Version 12.00
# Visual Studio Version 16
VisualStudioVersion = 16.0.29728.190
MinimumVisualStudioVersion = 15.0.26124.0
Project("{9A19103F-16F7-4668-BE54-9A1E7A4F7556}") = "Worker", "worker\Worker.csproj", "{52340107-5598-4FB7-9CDC-271B2855DA1E}"
EndProject
Project("{2150E333-8FDC-42A3-9474-1A3956D46DE8}") = "Solution Items", "Solution Items", "{0366BBC4-6CBC-44BB-8DFF-18399E533C8C}"
	ProjectSection(SolutionItems) = preProject
		.dockerignore = .dockerignore
		.gitignore = .gitignore
		docker-compose.yml = docker-compose.yml
		README.md = README.md
	EndProjectSection
EndProject
Project("{9A19103F-16F7-4668-BE54-9A1E7A4F7556}") = "PublisherApiTest", "PublisherApiTest\PublisherApiTest.csproj", "{D77867B4-6D41-4E5D-8954-8EC383845350}"
EndProject
Project("{9A19103F-16F7-4668-BE54-9A1E7A4F7556}") = "UtilsLibrary", "UtilsLibrary\UtilsLibrary.csproj", "{0610A68C-2ABE-4581-8966-DFCB68FAD127}"
EndProject
Project("{9A19103F-16F7-4668-BE54-9A1E7A4F7556}") = "PublisherApi", "PublisherApi\PublisherApi.csproj", "{61EA8250-9F29-4E99-AC53-C1428F0FFABC}"
EndProject
Global
	GlobalSection(SolutionConfigurationPlatforms) = preSolution
		Debug|Any CPU = Debug|Any CPU
		Debug|x64 = Debug|x64
		Debug|x86 = Debug|x86
		Release|Any CPU = Release|Any CPU
		Release|x64 = Release|x64
		Release|x86 = Release|x86
	EndGlobalSection
	GlobalSection(ProjectConfigurationPlatforms) = postSolution
		{52340107-5598-4FB7-9CDC-271B2855DA1E}.Debug|Any CPU.ActiveCfg = Debug|Any CPU
		{52340107-5598-4FB7-9CDC-271B2855DA1E}.Debug|Any CPU.Build.0 = Debug|Any CPU
		{52340107-5598-4FB7-9CDC-271B2855DA1E}.Debug|x64.ActiveCfg = Debug|Any CPU
		{52340107-5598-4FB7-9CDC-271B2855DA1E}.Debug|x64.Build.0 = Debug|Any CPU
		{52340107-5598-4FB7-9CDC-271B2855DA1E}.Debug|x86.ActiveCfg = Debug|Any CPU
		{52340107-5598-4FB7-9CDC-271B2855DA1E}.Debug|x86.Build.0 = Debug|Any CPU
		{52340107-5598-4FB7-9CDC-271B2855DA1E}.Release|Any CPU.ActiveCfg = Release|Any CPU
		{52340107-5598-4FB7-9CDC-271B2855DA1E}.Release|Any CPU.Build.0 = Release|Any CPU
		{52340107-5598-4FB7-9CDC-271B2855DA1E}.Release|x64.ActiveCfg = Release|Any CPU
		{52340107-5598-4FB7-9CDC-271B2855DA1E}.Release|x64.Build.0 = Release|Any CPU
		{52340107-5598-4FB7-9CDC-271B2855DA1E}.Release|x86.ActiveCfg = Release|Any CPU
		{52340107-5598-4FB7-9CDC-271B2855DA1E}.Release|x86.Build.0 = Release|Any CPU
		{D77867B4-6D41-4E5D-8954-8EC383845350}.Debug|Any CPU.ActiveCfg = Debug|Any CPU
		{D77867B4-6D41-4E5D-8954-8EC383845350}.Debug|Any CPU.Build.0 = Debug|Any CPU
		{D77867B4-6D41-4E5D-8954-8EC383845350}.Debug|x64.ActiveCfg = Debug|Any CPU
		{D77867B4-6D41-4E5D-8954-8EC383845350}.Debug|x64.Build.0 = Debug|Any CPU
		{D77867B4-6D41-4E5D-8954-8EC383845350}.Debug|x86.ActiveCfg = Debug|Any CPU
		{D77867B4-6D41-4E5D-8954-8EC383845350}.Debug|x86.Build.0 = Debug|Any CPU
		{D77867B4-6D41-4E5D-8954-8EC383845350}.Release|Any CPU.ActiveCfg = Release|Any CPU
		{D77867B4-6D41-4E5D-8954-8EC383845350}.Release|Any CPU.Build.0 = Release|Any CPU
		{D77867B4-6D41-4E5D-8954-8EC383845350}.Release|x64.ActiveCfg = Release|Any CPU
		{D77867B4-6D41-4E5D-8954-8EC383845350}.Release|x64.Build.0 = Release|Any CPU
		{D77867B4-6D41-4E5D-8954-8EC383845350}.Release|x86.ActiveCfg = Release|Any CPU
		{D77867B4-6D41-4E5D-8954-8EC383845350}.Release|x86.Build.0 = Release|Any CPU
		{0610A68C-2ABE-4581-8966-DFCB68FAD127}.Debug|Any CPU.ActiveCfg = Debug|Any CPU
		{0610A68C-2ABE-4581-8966-DFCB68FAD127}.Debug|Any CPU.Build.0 = Debug|Any CPU
		{0610A68C-2ABE-4581-8966-DFCB68FAD127}.Debug|x64.ActiveCfg = Debug|Any CPU
		{0610A68C-2ABE-4581-8966-DFCB68FAD127}.Debug|x64.Build.0 = Debug|Any CPU
		{0610A68C-2ABE-4581-8966-DFCB68FAD127}.Debug|x86.ActiveCfg = Debug|Any CPU
		{0610A68C-2ABE-4581-8966-DFCB68FAD127}.Debug|x86.Build.0 = Debug|Any CPU
		{0610A68C-2ABE-4581-8966-DFCB68FAD127}.Release|Any CPU.ActiveCfg = Release|Any CPU
		{0610A68C-2ABE-4581-8966-DFCB68FAD127}.Release|Any CPU.Build.0 = Release|Any CPU
		{0610A68C-2ABE-4581-8966-DFCB68FAD127}.Release|x64.ActiveCfg = Release|Any CPU
		{0610A68C-2ABE-4581-8966-DFCB68FAD127}.Release|x64.Build.0 = Release|Any CPU
		{0610A68C-2ABE-4581-8966-DFCB68FAD127}.Release|x86.ActiveCfg = Release|Any CPU
		{0610A68C-2ABE-4581-8966-DFCB68FAD127}.Release|x86.Build.0 = Release|Any CPU
		{61EA8250-9F29-4E99-AC53-C1428F0FFABC}.Debug|Any CPU.ActiveCfg = Debug|Any CPU
		{61EA8250-9F29-4E99-AC53-C1428F0FFABC}.Debug|Any CPU.Build.0 = Debug|Any CPU
		{61EA8250-9F29-4E99-AC53-C1428F0FFABC}.Debug|x64.ActiveCfg = Debug|Any CPU
		{61EA8250-9F29-4E99-AC53-C1428F0FFABC}.Debug|x64.Build.0 = Debug|Any CPU
		{61EA8250-9F29-4E99-AC53-C1428F0FFABC}.Debug|x86.ActiveCfg = Debug|Any CPU
		{61EA8250-9F29-4E99-AC53-C1428F0FFABC}.Debug|x86.Build.0 = Debug|Any CPU
		{61EA8250-9F29-4E99-AC53-C1428F0FFABC}.Release|Any CPU.ActiveCfg = Release|Any CPU
		{61EA8250-9F29-4E99-AC53-C1428F0FFABC}.Release|Any CPU.Build.0 = Release|Any CPU
		{61EA8250-9F29-4E99-AC53-C1428F0FFABC}.Release|x64.ActiveCfg = Release|Any CPU
		{61EA8250-9F29-4E99-AC53-C1428F0FFABC}.Release|x64.Build.0 = Release|Any CPU
		{61EA8250-9F29-4E99-AC53-C1428F0FFABC}.Release|x86.ActiveCfg = Release|Any CPU
		{61EA8250-9F29-4E99-AC53-C1428F0FFABC}.Release|x86.Build.0 = Release|Any CPU
	EndGlobalSection
	GlobalSection(SolutionProperties) = preSolution
		HideSolutionNode = FALSE
	EndGlobalSection
	GlobalSection(ExtensibilityGlobals) = postSolution
		SolutionGuid = {400BAD3F-05D4-4B02-BD6A-1C5A2CA7AA38}
	EndGlobalSection
EndGlobal
